{
  "version": 4,
  "terraform_version": "0.12.24",
  "serial": 1,
  "lineage": "07c2ac86-c6af-82e9-8c84-95028e8e13ff",
  "outputs": {},
  "resources": [
    {
      "mode": "managed",
      "type": "aws_s3_bucket",
      "name": "main",
      "provider": "provider.aws",
      "instances": [
        {
          "schema_version": 0,
          "attributes": {
            "acceleration_status": "",
            "acl": "private",
            "arn": "arn:aws:s3:::s3-spa-deploy",
            "bucket": "s3-spa-deploy",
            "bucket_domain_name": "s3-spa-deploy.s3.amazonaws.com",
            "bucket_prefix": null,
            "bucket_regional_domain_name": "s3-spa-deploy.s3.ap-northeast-1.amazonaws.com",
            "cors_rule": [],
            "force_destroy": false,
            "grant": [],
            "hosted_zone_id": "Z2M4EHUR26P7ZW",
            "id": "s3-spa-deploy",
            "lifecycle_rule": [],
            "logging": [],
            "object_lock_configuration": [],
            "policy": null,
            "region": "ap-northeast-1",
            "replication_configuration": [],
            "request_payer": "BucketOwner",
            "server_side_encryption_configuration": [],
            "tags": null,
            "versioning": [
              {
                "enabled": false,
                "mfa_delete": false
              }
            ],
            "website": [
              {
                "error_document": "error.html",
                "index_document": "index.html",
                "redirect_all_requests_to": "",
                "routing_rules": "[{\"Condition\":{\"KeyPrefixEquals\":\"about/\"},\"Redirect\":{\"ReplaceKeyPrefixWith\":\"about.html\"}}]"
              }
            ],
            "website_domain": "s3-website-ap-northeast-1.amazonaws.com",
            "website_endpoint": "s3-spa-deploy.s3-website-ap-northeast-1.amazonaws.com"
          },
          "private": "bnVsbA=="
        }
      ]
    }
  ]
}
